// !$*UTF8*$!
{
	archiveVersion = 1;
	classes = {
	};
	objectVersion = 51;
	objects = {

/* Begin PBXBuildFile section */
		0EFD1558255D5EAA00D4F8BB /* AppDelegate.m in Sources */ = {isa = PBXBuildFile; fileRef = 0EFD1557255D5EAA00D4F8BB /* AppDelegate.m */; };
		0EFD155B255D5EAA00D4F8BB /* ViewController.m in Sources */ = {isa = PBXBuildFile; fileRef = 0EFD155A255D5EAA00D4F8BB /* ViewController.m */; };
		0EFD155D255D5EAC00D4F8BB /* Assets.xcassets in Resources */ = {isa = PBXBuildFile; fileRef = 0EFD155C255D5EAC00D4F8BB /* Assets.xcassets */; };
		0EFD1560255D5EAC00D4F8BB /* Main.storyboard in Resources */ = {isa = PBXBuildFile; fileRef = 0EFD155E255D5EAC00D4F8BB /* Main.storyboard */; };
		0EFD1563255D5EAC00D4F8BB /* main.m in Sources */ = {isa = PBXBuildFile; fileRef = 0EFD1562255D5EAC00D4F8BB /* main.m */; };
		415FC83B236A38FB2CE150E6 /* Pods_MoonLightDemo.framework in Frameworks */ = {isa = PBXBuildFile; fileRef = 50CFA83A96DF81887C2BAAC4 /* Pods_MoonLightDemo.framework */; };
/* End PBXBuildFile section */

/* Begin PBXFileReference section */
		0EFD1553255D5EAA00D4F8BB /* MoonLightDemo.app */ = {isa = PBXFileReference; explicitFileType = wrapper.application; includeInIndex = 0; path = MoonLightDemo.app; sourceTree = BUILT_PRODUCTS_DIR; };
		0EFD1556255D5EAA00D4F8BB /* AppDelegate.h */ = {isa = PBXFileReference; lastKnownFileType = sourcecode.c.h; path = AppDelegate.h; sourceTree = "<group>"; };
		0EFD1557255D5EAA00D4F8BB /* AppDelegate.m */ = {isa = PBXFileReference; lastKnownFileType = sourcecode.c.objc; path = AppDelegate.m; sourceTree = "<group>"; };
		0EFD1559255D5EAA00D4F8BB /* ViewController.h */ = {isa = PBXFileReference; lastKnownFileType = sourcecode.c.h; path = ViewController.h; sourceTree = "<group>"; };
		0EFD155A255D5EAA00D4F8BB /* ViewController.m */ = {isa = PBXFileReference; lastKnownFileType = sourcecode.c.objc; path = ViewController.m; sourceTree = "<group>"; };
		0EFD155C255D5EAC00D4F8BB /* Assets.xcassets */ = {isa = PBXFileReference; lastKnownFileType = folder.assetcatalog; path = Assets.xcassets; sourceTree = "<group>"; };
		0EFD155F255D5EAC00D4F8BB /* Base */ = {isa = PBXFileReference; lastKnownFileType = file.storyboard; name = Base; path = Base.lproj/Main.storyboard; sourceTree = "<group>"; };
		0EFD1561255D5EAC00D4F8BB /* Info.plist */ = {isa = PBXFileReference; lastKnownFileType = text.plist.xml; path = Info.plist; sourceTree = "<group>"; };
		0EFD1562255D5EAC00D4F8BB /* main.m */ = {isa = PBXFileReference; lastKnownFileType = sourcecode.c.objc; path = main.m; sourceTree = "<group>"; };
		0EFD1564255D5EAC00D4F8BB /* MoonLightDemo.entitlements */ = {isa = PBXFileReference; lastKnownFileType = text.plist.entitlements; path = MoonLightDemo.entitlements; sourceTree = "<group>"; };
		2A0F717CFE1C513BC55E6B0A /* Pods-MoonLightDemo.debug.xcconfig */ = {isa = PBXFileReference; includeInIndex = 1; lastKnownFileType = text.xcconfig; name = "Pods-MoonLightDemo.debug.xcconfig"; path = "Target Support Files/Pods-MoonLightDemo/Pods-MoonLightDemo.debug.xcconfig"; sourceTree = "<group>"; };
		50CFA83A96DF81887C2BAAC4 /* Pods_MoonLightDemo.framework */ = {isa = PBXFileReference; explicitFileType = wrapper.framework; includeInIndex = 0; path = Pods_MoonLightDemo.framework; sourceTree = BUILT_PRODUCTS_DIR; };
		F6DA6DA3B8742FC41F189BC9 /* Pods-MoonLightDemo.release.xcconfig */ = {isa = PBXFileReference; includeInIndex = 1; lastKnownFileType = text.xcconfig; name = "Pods-MoonLightDemo.release.xcconfig"; path = "Target Support Files/Pods-MoonLightDemo/Pods-MoonLightDemo.release.xcconfig"; sourceTree = "<group>"; };
/* End PBXFileReference section */

/* Begin PBXFrameworksBuildPhase section */
		0EFD1550255D5EAA00D4F8BB /* Frameworks */ = {
			isa = PBXFrameworksBuildPhase;
			buildActionMask = 2147483647;
			files = (
				415FC83B236A38FB2CE150E6 /* Pods_MoonLightDemo.framework in Frameworks */,
			);
			runOnlyForDeploymentPostprocessing = 0;
		};
/* End PBXFrameworksBuildPhase section */

/* Begin PBXGroup section */
		0EA78729255E9602005CD0DD /* Frameworks */ = {
			isa = PBXGroup;
			children = (
				50CFA83A96DF81887C2BAAC4 /* Pods_MoonLightDemo.framework */,
			);
			name = Frameworks;
			sourceTree = "<group>";
		};
		0EFD154A255D5EAA00D4F8BB = {
			isa = PBXGroup;
			children = (
				0EFD1555255D5EAA00D4F8BB /* MoonLightDemo */,
				0EFD1554255D5EAA00D4F8BB /* Products */,
				0EA78729255E9602005CD0DD /* Frameworks */,
				F72020943DEEE60C5AE76566 /* Pods */,
			);
			sourceTree = "<group>";
		};
		0EFD1554255D5EAA00D4F8BB /* Products */ = {
			isa = PBXGroup;
			children = (
				0EFD1553255D5EAA00D4F8BB /* MoonLightDemo.app */,
			);
			name = Products;
			sourceTree = "<group>";
		};
		0EFD1555255D5EAA00D4F8BB /* MoonLightDemo */ = {
			isa = PBXGroup;
			children = (
				0EFD1556255D5EAA00D4F8BB /* AppDelegate.h */,
				0EFD1557255D5EAA00D4F8BB /* AppDelegate.m */,
				0EFD1559255D5EAA00D4F8BB /* ViewController.h */,
				0EFD155A255D5EAA00D4F8BB /* ViewController.m */,
				0EFD155C255D5EAC00D4F8BB /* Assets.xcassets */,
				0EFD155E255D5EAC00D4F8BB /* Main.storyboard */,
				0EFD1561255D5EAC00D4F8BB /* Info.plist */,
				0EFD1562255D5EAC00D4F8BB /* main.m */,
				0EFD1564255D5EAC00D4F8BB /* MoonLightDemo.entitlements */,
			);
			path = MoonLightDemo;
			sourceTree = "<group>";
		};
		F72020943DEEE60C5AE76566 /* Pods */ = {
			isa = PBXGroup;
			children = (
				2A0F717CFE1C513BC55E6B0A /* Pods-MoonLightDemo.debug.xcconfig */,
				F6DA6DA3B8742FC41F189BC9 /* Pods-MoonLightDemo.release.xcconfig */,
			);
			path = Pods;
			sourceTree = "<group>";
		};
/* End PBXGroup section */

/* Begin PBXNativeTarget section */
		0EFD1552255D5EAA00D4F8BB /* MoonLightDemo */ = {
			isa = PBXNativeTarget;
			buildConfigurationList = 0EFD1567255D5EAC00D4F8BB /* Build configuration list for PBXNativeTarget "MoonLightDemo" */;
			buildPhases = (
				41725098194F32C6409A8727 /* [CP] Check Pods Manifest.lock */,
				0EFD154F255D5EAA00D4F8BB /* Sources */,
				0EFD1550255D5EAA00D4F8BB /* Frameworks */,
				0EFD1551255D5EAA00D4F8BB /* Resources */,
				D6FE62D9BC74A57001D5804E /* [CP] Embed Pods Frameworks */,
			);
			buildRules = (
			);
			dependencies = (
			);
			name = MoonLightDemo;
			productName = MoonLightDemo;
			productReference = 0EFD1553255D5EAA00D4F8BB /* MoonLightDemo.app */;
			productType = "com.apple.product-type.application";
		};
/* End PBXNativeTarget section */

/* Begin PBXProject section */
		0EFD154B255D5EAA00D4F8BB /* Project object */ = {
			isa = PBXProject;
			attributes = {
				LastUpgradeCheck = 1210;
				ORGANIZATIONNAME = Agora;
				TargetAttributes = {
					0EFD1552255D5EAA00D4F8BB = {
						CreatedOnToolsVersion = 12.1;
					};
				};
			};
			buildConfigurationList = 0EFD154E255D5EAA00D4F8BB /* Build configuration list for PBXProject "MoonLightDemo" */;
			compatibilityVersion = "Xcode 9.3";
			developmentRegion = en;
			hasScannedForEncodings = 0;
			knownRegions = (
				en,
				Base,
			);
			mainGroup = 0EFD154A255D5EAA00D4F8BB;
			productRefGroup = 0EFD1554255D5EAA00D4F8BB /* Products */;
			projectDirPath = "";
			projectRoot = "";
			targets = (
				0EFD1552255D5EAA00D4F8BB /* MoonLightDemo */,
			);
		};
/* End PBXProject section */

/* Begin PBXResourcesBuildPhase section */
		0EFD1551255D5EAA00D4F8BB /* Resources */ = {
			isa = PBXResourcesBuildPhase;
			buildActionMask = 2147483647;
			files = (
				0EFD155D255D5EAC00D4F8BB /* Assets.xcassets in Resources */,
				0EFD1560255D5EAC00D4F8BB /* Main.storyboard in Resources */,
			);
			runOnlyForDeploymentPostprocessing = 0;
		};
/* End PBXResourcesBuildPhase section */

/* Begin PBXShellScriptBuildPhase section */
		41725098194F32C6409A8727 /* [CP] Check Pods Manifest.lock */ = {
			isa = PBXShellScriptBuildPhase;
			buildActionMask = 2147483647;
			files = (
			);
			inputFileListPaths = (
			);
			inputPaths = (
				"${PODS_PODFILE_DIR_PATH}/Podfile.lock",
				"${PODS_ROOT}/Manifest.lock",
			);
			name = "[CP] Check Pods Manifest.lock";
			outputFileListPaths = (
			);
			outputPaths = (
				"$(DERIVED_FILE_DIR)/Pods-MoonLightDemo-checkManifestLockResult.txt",
			);
			runOnlyForDeploymentPostprocessing = 0;
			shellPath = /bin/sh;
			shellScript = "diff \"${PODS_PODFILE_DIR_PATH}/Podfile.lock\" \"${PODS_ROOT}/Manifest.lock\" > /dev/null\nif [ $? != 0 ] ; then\n    # print error to STDERR\n    echo \"error: The sandbox is not in sync with the Podfile.lock. Run 'pod install' or update your CocoaPods installation.\" >&2\n    exit 1\nfi\n# This output is used by Xcode 'outputs' to avoid re-running this script phase.\necho \"SUCCESS\" > \"${SCRIPT_OUTPUT_FILE_0}\"\n";
			showEnvVarsInLog = 0;
		};
		D6FE62D9BC74A57001D5804E /* [CP] Embed Pods Frameworks */ = {
			isa = PBXShellScriptBuildPhase;
			buildActionMask = 2147483647;
			files = (
			);
			inputFileListPaths = (
				"${PODS_ROOT}/Target Support Files/Pods-MoonLightDemo/Pods-MoonLightDemo-frameworks-${CONFIGURATION}-input-files.xcfilelist",
			);
			name = "[CP] Embed Pods Frameworks";
			outputFileListPaths = (
				"${PODS_ROOT}/Target Support Files/Pods-MoonLightDemo/Pods-MoonLightDemo-frameworks-${CONFIGURATION}-output-files.xcfilelist",
			);
			runOnlyForDeploymentPostprocessing = 0;
			shellPath = /bin/sh;
			shellScript = "\"${PODS_ROOT}/Target Support Files/Pods-MoonLightDemo/Pods-MoonLightDemo-frameworks.sh\"\n";
			showEnvVarsInLog = 0;
		};
/* End PBXShellScriptBuildPhase section */

/* Begin PBXSourcesBuildPhase section */
		0EFD154F255D5EAA00D4F8BB /* Sources */ = {
			isa = PBXSourcesBuildPhase;
			buildActionMask = 2147483647;
			files = (
				0EFD155B255D5EAA00D4F8BB /* ViewController.m in Sources */,
				0EFD1563255D5EAC00D4F8BB /* main.m in Sources */,
				0EFD1558255D5EAA00D4F8BB /* AppDelegate.m in Sources */,
			);
			runOnlyForDeploymentPostprocessing = 0;
		};
/* End PBXSourcesBuildPhase section */

/* Begin PBXVariantGroup section */
		0EFD155E255D5EAC00D4F8BB /* Main.storyboard */ = {
			isa = PBXVariantGroup;
			children = (
				0EFD155F255D5EAC00D4F8BB /* Base */,
			);
			name = Main.storyboard;
			sourceTree = "<group>";
		};
/* End PBXVariantGroup section */

/* Begin XCBuildConfiguration section */
		0EFD1565255D5EAC00D4F8BB /* Debug */ = {
			isa = XCBuildConfiguration;
			buildSettings = {
				ALWAYS_SEARCH_USER_PATHS = NO;
				CLANG_ANALYZER_NONNULL = YES;
				CLANG_ANALYZER_NUMBER_OBJECT_CONVERSION = YES_AGGRESSIVE;
				CLANG_CXX_LANGUAGE_STANDARD = "gnu++14";
				CLANG_CXX_LIBRARY = "libc++";
				CLANG_ENABLE_MODULES = YES;
				CLANG_ENABLE_OBJC_ARC = YES;
				CLANG_ENABLE_OBJC_WEAK = YES;
				CLANG_WARN_BLOCK_CAPTURE_AUTORELEASING = YES;
				CLANG_WARN_BOOL_CONVERSION = YES;
				CLANG_WARN_COMMA = YES;
				CLANG_WARN_CONSTANT_CONVERSION = YES;
				CLANG_WARN_DEPRECATED_OBJC_IMPLEMENTATIONS = YES;
				CLANG_WARN_DIRECT_OBJC_ISA_USAGE = YES_ERROR;
				CLANG_WARN_DOCUMENTATION_COMMENTS = YES;
				CLANG_WARN_EMPTY_BODY = YES;
				CLANG_WARN_ENUM_CONVERSION = YES;
				CLANG_WARN_INFINITE_RECURSION = YES;
				CLANG_WARN_INT_CONVERSION = YES;
				CLANG_WARN_NON_LITERAL_NULL_CONVERSION = YES;
				CLANG_WARN_OBJC_IMPLICIT_RETAIN_SELF = YES;
				CLANG_WARN_OBJC_LITERAL_CONVERSION = YES;
				CLANG_WARN_OBJC_ROOT_CLASS = YES_ERROR;
				CLANG_WARN_QUOTED_INCLUDE_IN_FRAMEWORK_HEADER = YES;
				CLANG_WARN_RANGE_LOOP_ANALYSIS = YES;
				CLANG_WARN_STRICT_PROTOTYPES = YES;
				CLANG_WARN_SUSPICIOUS_MOVE = YES;
				CLANG_WARN_UNGUARDED_AVAILABILITY = YES_AGGRESSIVE;
				CLANG_WARN_UNREACHABLE_CODE = YES;
				CLANG_WARN__DUPLICATE_METHOD_MATCH = YES;
				COPY_PHASE_STRIP = NO;
				DEBUG_INFORMATION_FORMAT = dwarf;
				ENABLE_STRICT_OBJC_MSGSEND = YES;
				ENABLE_TESTABILITY = YES;
				GCC_C_LANGUAGE_STANDARD = gnu11;
				GCC_DYNAMIC_NO_PIC = NO;
				GCC_NO_COMMON_BLOCKS = YES;
				GCC_OPTIMIZATION_LEVEL = 0;
				GCC_PREPROCESSOR_DEFINITIONS = (
					"DEBUG=1",
					"$(inherited)",
				);
				GCC_WARN_64_TO_32_BIT_CONVERSION = YES;
				GCC_WARN_ABOUT_RETURN_TYPE = YES_ERROR;
				GCC_WARN_UNDECLARED_SELECTOR = YES;
				GCC_WARN_UNINITIALIZED_AUTOS = YES_AGGRESSIVE;
				GCC_WARN_UNUSED_FUNCTION = YES;
				GCC_WARN_UNUSED_VARIABLE = YES;
				MACOSX_DEPLOYMENT_TARGET = 10.15;
				MTL_ENABLE_DEBUG_INFO = INCLUDE_SOURCE;
				MTL_FAST_MATH = YES;
				ONLY_ACTIVE_ARCH = YES;
				SDKROOT = macosx;
			};
			name = Debug;
		};
		0EFD1566255D5EAC00D4F8BB /* Release */ = {
			isa = XCBuildConfiguration;
			buildSettings = {
				ALWAYS_SEARCH_USER_PATHS = NO;
				CLANG_ANALYZER_NONNULL = YES;
				CLANG_ANALYZER_NUMBER_OBJECT_CONVERSION = YES_AGGRESSIVE;
				CLANG_CXX_LANGUAGE_STANDARD = "gnu++14";
				CLANG_CXX_LIBRARY = "libc++";
				CLANG_ENABLE_MODULES = YES;
				CLANG_ENABLE_OBJC_ARC = YES;
				CLANG_ENABLE_OBJC_WEAK = YES;
				CLANG_WARN_BLOCK_CAPTURE_AUTORELEASING = YES;
				CLANG_WARN_BOOL_CONVERSION = YES;
				CLANG_WARN_COMMA = YES;
				CLANG_WARN_CONSTANT_CONVERSION = YES;
				CLANG_WARN_DEPRECATED_OBJC_IMPLEMENTATIONS = YES;
				CLANG_WARN_DIRECT_OBJC_ISA_USAGE = YES_ERROR;
				CLANG_WARN_DOCUMENTATION_COMMENTS = YES;
				CLANG_WARN_EMPTY_BODY = YES;
				CLANG_WARN_ENUM_CONVERSION = YES;
				CLANG_WARN_INFINITE_RECURSION = YES;
				CLANG_WARN_INT_CONVERSION = YES;
				CLANG_WARN_NON_LITERAL_NULL_CONVERSION = YES;
				CLANG_WARN_OBJC_IMPLICIT_RETAIN_SELF = YES;
				CLANG_WARN_OBJC_LITERAL_CONVERSION = YES;
				CLANG_WARN_OBJC_ROOT_CLASS = YES_ERROR;
				CLANG_WARN_QUOTED_INCLUDE_IN_FRAMEWORK_HEADER = YES;
				CLANG_WARN_RANGE_LOOP_ANALYSIS = YES;
				CLANG_WARN_STRICT_PROTOTYPES = YES;
				CLANG_WARN_SUSPICIOUS_MOVE = YES;
				CLANG_WARN_UNGUARDED_AVAILABILITY = YES_AGGRESSIVE;
				CLANG_WARN_UNREACHABLE_CODE = YES;
				CLANG_WARN__DUPLICATE_METHOD_MATCH = YES;
				COPY_PHASE_STRIP = NO;
				DEBUG_INFORMATION_FORMAT = "dwarf-with-dsym";
				ENABLE_NS_ASSERTIONS = NO;
				ENABLE_STRICT_OBJC_MSGSEND = YES;
				GCC_C_LANGUAGE_STANDARD = gnu11;
				GCC_NO_COMMON_BLOCKS = YES;
				GCC_WARN_64_TO_32_BIT_CONVERSION = YES;
				GCC_WARN_ABOUT_RETURN_TYPE = YES_ERROR;
				GCC_WARN_UNDECLARED_SELECTOR = YES;
				GCC_WARN_UNINITIALIZED_AUTOS = YES_AGGRESSIVE;
				GCC_WARN_UNUSED_FUNCTION = YES;
				GCC_WARN_UNUSED_VARIABLE = YES;
				MACOSX_DEPLOYMENT_TARGET = 10.15;
				MTL_ENABLE_DEBUG_INFO = NO;
				MTL_FAST_MATH = YES;
				SDKROOT = macosx;
			};
			name = Release;
		};
		0EFD1568255D5EAC00D4F8BB /* Debug */ = {
			isa = XCBuildConfiguration;
			baseConfigurationReference = 2A0F717CFE1C513BC55E6B0A /* Pods-MoonLightDemo.debug.xcconfig */;
			buildSettings = {
				ARCHS = x86_64;
				ASSETCATALOG_COMPILER_APPICON_NAME = AppIcon;
				ASSETCATALOG_COMPILER_GLOBAL_ACCENT_COLOR_NAME = AccentColor;
				CODE_SIGN_ENTITLEMENTS = MoonLightDemo/MoonLightDemo.entitlements;
				CODE_SIGN_STYLE = Automatic;
				COMBINE_HIDPI_IMAGES = YES;
				DEVELOPMENT_TEAM = JDPG69R49Z;
				ENABLE_HARDENED_RUNTIME = YES;
				INFOPLIST_FILE = MoonLightDemo/Info.plist;
				LD_RUNPATH_SEARCH_PATHS = (
					"$(inherited)",
					"@executable_path/../Frameworks",
				);
				PRODUCT_BUNDLE_IDENTIFIER = io.agora.MoonLightDemo;
				PRODUCT_NAME = "$(TARGET_NAME)";
			};
			name = Debug;
		};
		0EFD1569255D5EAC00D4F8BB /* Release */ = {
			isa = XCBuildConfiguration;
			baseConfigurationReference = F6DA6DA3B8742FC41F189BC9 /* Pods-MoonLightDemo.release.xcconfig */;
			buildSettings = {
				ARCHS = x86_64;
				ASSETCATALOG_COMPILER_APPICON_NAME = AppIcon;
				ASSETCATALOG_COMPILER_GLOBAL_ACCENT_COLOR_NAME = AccentColor;
				CODE_SIGN_ENTITLEMENTS = MoonLightDemo/MoonLightDemo.entitlements;
				CODE_SIGN_STYLE = Automatic;
				COMBINE_HIDPI_IMAGES = YES;
				DEVELOPMENT_TEAM = JDPG69R49Z;
				ENABLE_HARDENED_RUNTIME = YES;
				INFOPLIST_FILE = MoonLightDemo/Info.plist;
				LD_RUNPATH_SEARCH_PATHS = (
					"$(inherited)",
					"@executable_path/../Frameworks",
				);
				PRODUCT_BUNDLE_IDENTIFIER = io.agora.MoonLightDemo;
				PRODUCT_NAME = "$(TARGET_NAME)";
			};
			name = Release;
		};
/* End XCBuildConfiguration section */

/* Begin XCConfigurationList section */
		0EFD154E255D5EAA00D4F8BB /* Build configuration list for PBXProject "MoonLightDemo" */ = {
			isa = XCConfigurationList;
			buildConfigurations = (
				0EFD1565255D5EAC00D4F8BB /* Debug */,
				0EFD1566255D5EAC00D4F8BB /* Release */,
			);
			defaultConfigurationIsVisible = 0;
			defaultConfigurationName = Release;
		};
		0EFD1567255D5EAC00D4F8BB /* Build configuration list for PBXNativeTarget "MoonLightDemo" */ = {
			isa = XCConfigurationList;
			buildConfigurations = (
				0EFD1568255D5EAC00D4F8BB /* Debug */,
				0EFD1569255D5EAC00D4F8BB /* Release */,
			);
			defaultConfigurationIsVisible = 0;
			defaultConfigurationName = Release;
		};
/* End XCConfigurationList section */
	};
	rootObject = 0EFD154B255D5EAA00D4F8BB /* Project object */;
}
